
Microsoft Visual Studio Solution File, Format Version 12.00
# Visual Studio Version 17
VisualStudioVersion = 17.6.33815.320
MinimumVisualStudioVersion = 10.0.40219.1
Project("{FAE04EC0-301F-11D3-BF4B-00C04F79EFBC}") = "Ejercicio_I03", "Ejercicio_I03\Ejercicio_I03.csproj", "{D246238B-2F0E-4DB6-A7B1-27A9284872DD}"
EndProject
Project("{FAE04EC0-301F-11D3-BF4B-00C04F79EFBC}") = "Entidades", "Entidades\Entidades.csproj", "{BB3E0E73-83D8-4655-BE3E-6934464C1ED5}"
EndProject
Global
	GlobalSection(SolutionConfigurationPlatforms) = preSolution
		Debug|Any CPU = Debug|Any CPU
		Release|Any CPU = Release|Any CPU
	EndGlobalSection
	GlobalSection(ProjectConfigurationPlatforms) = postSolution
		{D246238B-2F0E-4DB6-A7B1-27A9284872DD}.Debug|Any CPU.ActiveCfg = Debug|Any CPU
		{D246238B-2F0E-4DB6-A7B1-27A9284872DD}.Debug|Any CPU.Build.0 = Debug|Any CPU
		{D246238B-2F0E-4DB6-A7B1-27A9284872DD}.Release|Any CPU.ActiveCfg = Release|Any CPU
		{D246238B-2F0E-4DB6-A7B1-27A9284872DD}.Release|Any CPU.Build.0 = Release|Any CPU
		{BB3E0E73-83D8-4655-BE3E-6934464C1ED5}.Debug|Any CPU.ActiveCfg = Debug|Any CPU
		{BB3E0E73-83D8-4655-BE3E-6934464C1ED5}.Debug|Any CPU.Build.0 = Debug|Any CPU
		{BB3E0E73-83D8-4655-BE3E-6934464C1ED5}.Release|Any CPU.ActiveCfg = Release|Any CPU
		{BB3E0E73-83D8-4655-BE3E-6934464C1ED5}.Release|Any CPU.Build.0 = Release|Any CPU
	EndGlobalSection
	GlobalSection(SolutionProperties) = preSolution
		HideSolutionNode = FALSE
	EndGlobalSection
	GlobalSection(ExtensibilityGlobals) = postSolution
		SolutionGuid = {CCA7B830-0B42-439B-9BB6-0179FF90D44E}
	EndGlobalSection
EndGlobal
